
Microsoft Visual Studio Solution File, Format Version 12.00
# Visual Studio Version 17
VisualStudioVersion = 17.4.33110.190
MinimumVisualStudioVersion = 10.0.40219.1
Project("{FAE04EC0-301F-11D3-BF4B-00C04F79EFBC}") = "AskMe.API", "AskMe.API\AskMe.API.csproj", "{F501D17D-8D06-48E6-A771-B0CE9A0B38BE}"
EndProject
Project("{FAE04EC0-301F-11D3-BF4B-00C04F79EFBC}") = "AskMe.APP", "AskMe.APP\AskMe.APP.csproj", "{769EAB06-8351-4D67-A7EC-AF19777E514A}"
EndProject
Global
	GlobalSection(SolutionConfigurationPlatforms) = preSolution
		Debug|Any CPU = Debug|Any CPU
		Release|Any CPU = Release|Any CPU
	EndGlobalSection
	GlobalSection(ProjectConfigurationPlatforms) = postSolution
		{F501D17D-8D06-48E6-A771-B0CE9A0B38BE}.Debug|Any CPU.ActiveCfg = Debug|Any CPU
		{F501D17D-8D06-48E6-A771-B0CE9A0B38BE}.Debug|Any CPU.Build.0 = Debug|Any CPU
		{F501D17D-8D06-48E6-A771-B0CE9A0B38BE}.Release|Any CPU.ActiveCfg = Release|Any CPU
		{F501D17D-8D06-48E6-A771-B0CE9A0B38BE}.Release|Any CPU.Build.0 = Release|Any CPU
		{769EAB06-8351-4D67-A7EC-AF19777E514A}.Debug|Any CPU.ActiveCfg = Debug|Any CPU
		{769EAB06-8351-4D67-A7EC-AF19777E514A}.Debug|Any CPU.Build.0 = Debug|Any CPU
		{769EAB06-8351-4D67-A7EC-AF19777E514A}.Release|Any CPU.ActiveCfg = Release|Any CPU
		{769EAB06-8351-4D67-A7EC-AF19777E514A}.Release|Any CPU.Build.0 = Release|Any CPU
	EndGlobalSection
	GlobalSection(SolutionProperties) = preSolution
		HideSolutionNode = FALSE
	EndGlobalSection
	GlobalSection(ExtensibilityGlobals) = postSolution
		SolutionGuid = {EA10BCBD-B5C5-4951-B196-14C2A537ECE1}
	EndGlobalSection
EndGlobal
